
Microsoft Visual Studio Solution File, Format Version 12.00
# Visual Studio 15
VisualStudioVersion = 15.0.26730.12
MinimumVisualStudioVersion = 10.0.40219.1
Project("{FAE04EC0-301F-11D3-BF4B-00C04F79EFBC}") = "PatriciansPath", "PatriciansPath\PatriciansPath.csproj", "{37BB221A-C934-4A9F-962A-915618AB8394}"
EndProject
Global
	GlobalSection(SolutionConfigurationPlatforms) = preSolution
		Debug|Any CPU = Debug|Any CPU
		Release|Any CPU = Release|Any CPU
	EndGlobalSection
	GlobalSection(ProjectConfigurationPlatforms) = postSolution
		{37BB221A-C934-4A9F-962A-915618AB8394}.Debug|Any CPU.ActiveCfg = Debug|Any CPU
		{37BB221A-C934-4A9F-962A-915618AB8394}.Debug|Any CPU.Build.0 = Debug|Any CPU
		{37BB221A-C934-4A9F-962A-915618AB8394}.Release|Any CPU.ActiveCfg = Release|Any CPU
		{37BB221A-C934-4A9F-962A-915618AB8394}.Release|Any CPU.Build.0 = Release|Any CPU
	EndGlobalSection
	GlobalSection(SolutionProperties) = preSolution
		HideSolutionNode = FALSE
	EndGlobalSection
	GlobalSection(ExtensibilityGlobals) = postSolution
		SolutionGuid = {EFB49057-6638-4791-A653-263B8DD15219}
	EndGlobalSection
EndGlobal
